version = 1
revision = 3
requires-python = ">=3.12"

[[package]]
name = "algorithm"
version = "0.1.0"
source = { virtual = "." }
dependencies = [
    { name = "numpy" },
    { name = "ocean-runner" },
    { name = "oceanprotocol-job-details" },
]

[package.metadata]
requires-dist = [
    { name = "numpy" },
    { name = "ocean-runner", specifier = "==0.2.14" },
    { name = "oceanprotocol-job-details", specifier = "==0.2.7" },
]

[[package]]
name = "colorama"
version = "0.4.6"
source = { registry = "https://pypi.org/simple" }
sdist = { url = "https://files.pythonhosted.org/packages/d8/53/6f443c9a4a8358a93a6792e2acffb9d9d5cb0a5cfd8802644b7b1c9a02e4/colorama-0.4.6.tar.gz", hash = "sha256:08695f5cb7ed6e0531a20572697297273c47b8cae5a63ffc6d6ed5c201be6e44", size = 27697, upload-time = "2022-10-25T02:36:22.414Z" }
wheels = [
    { url = "https://files.pythonhosted.org/packages/d1/d6/3965ed04c63042e047cb6a3e6ed1a63a35087b6a609aa3a15ed8ac56c221/colorama-0.4.6-py2.py3-none-any.whl", hash = "sha256:4f1d9991f5acc0ca119f9d443620b77f9d6b33703e51011c16baf57afb285fc6", size = 25335, upload-time = "2022-10-25T02:36:20.889Z" },
]

[[package]]
name = "dataclasses-json"
version = "0.6.7"
source = { registry = "https://pypi.org/simple" }
dependencies = [
    { name = "marshmallow" },
    { name = "typing-inspect" },
]
sdist = { url = "https://files.pythonhosted.org/packages/64/a4/f71d9cf3a5ac257c993b5ca3f93df5f7fb395c725e7f1e6479d2514173c3/dataclasses_json-0.6.7.tar.gz", hash = "sha256:b6b3e528266ea45b9535223bc53ca645f5208833c29229e847b3f26a1cc55fc0", size = 32227, upload-time = "2024-06-09T16:20:19.103Z" }
wheels = [
    { url = "https://files.pythonhosted.org/packages/c3/be/d0d44e092656fe7a06b55e6103cbce807cdbdee17884a5367c68c9860853/dataclasses_json-0.6.7-py3-none-any.whl", hash = "sha256:0dbf33f26c8d5305befd61b39d2b3414e8a407bedc2834dea9b8d642666fb40a", size = 28686, upload-time = "2024-06-09T16:20:16.715Z" },
]

[[package]]
name = "dependency-injector"
version = "4.48.3"
source = { registry = "https://pypi.org/simple" }
dependencies = [
    { name = "typing-extensions", marker = "python_full_version < '3.13'" },
]
sdist = { url = "https://files.pythonhosted.org/packages/9d/14/4f7b2d24d3ad50ac399262636cdf4b66b9318bfd0e9de5c61669625dc77c/dependency_injector-4.48.3.tar.gz", hash = "sha256:106e43a6a9959b2c49926edc45bdf07fdc377bc5fa1fd59012741590df30b20c", size = 1129251, upload-time = "2025-12-04T18:43:55.751Z" }
wheels = [
    { url = "https://files.pythonhosted.org/packages/b8/d1/bebb2921e1cfdeba992e57c62bcd871f4703fde852b1d64ceb0dd65540ee/dependency_injector-4.48.3-cp310-abi3-macosx_11_0_arm64.whl", hash = "sha256:37d5b962d9ba67f6536557dec3c83136cefd7a747bbe8ba53b158e34e050bae5", size = 1746065, upload-time = "2025-12-04T18:43:06.655Z" },
    { url = "https://files.pythonhosted.org/packages/c3/da/068f23d12b55cda6e2d5e7783d1b602aa40f0889f35cf182ecfa1b12f7b8/dependency_injector-4.48.3-cp310-abi3-manylinux1_x86_64.manylinux_2_28_x86_64.manylinux_2_5_x86_64.whl", hash = "sha256:54aa2b8b8ff057555ab03ee98035eb41120d30f8ec220cf43aa3b117f6b9b1b1", size = 1829780, upload-time = "2025-12-04T18:43:08.497Z" },
    { url = "https://files.pythonhosted.org/packages/e4/7f/7d5f16a87d6cc4111be41c8593ae6b98ebcdf0dc797c6e08e303ce6155b7/dependency_injector-4.48.3-cp310-abi3-manylinux2014_aarch64.manylinux_2_17_aarch64.manylinux_2_28_aarch64.whl", hash = "sha256:6a1f8d5b7dcf24773c27ddb9beab043753d8e251804f2398468944b93c767a35", size = 1741838, upload-time = "2025-12-04T18:43:10.072Z" },
    { url = "https://files.pythonhosted.org/packages/ea/1d/251c79858c9ebf53c6d8b51c9a653c794db0392070ab5a8f3f4a298a8b26/dependency_injector-4.48.3-cp310-abi3-musllinux_1_2_aarch64.whl", hash = "sha256:7ed11a944f5c84a5ad3f15bc9154f07affae2902967b4e47c74504d4595ed92f", size = 1726565, upload-time = "2025-12-04T18:43:11.892Z" },
    { url = "https://files.pythonhosted.org/packages/45/92/023bd0b72baf170368323412a911fe31fd1c5cccbd4d399744bdec21cecd/dependency_injector-4.48.3-cp310-abi3-musllinux_1_2_x86_64.whl", hash = "sha256:00c7ad5b5b5f9b1616c363770eed8c629a42dd0155b398c4458c949b8c0b9ae0", size = 1820764, upload-time = "2025-12-04T18:43:13.765Z" },
    { url = "https://files.pythonhosted.org/packages/ef/ae/0f6c65c6f67be9a7bcc18546ad08610b1cb294cef0da3d16502a1b336246/dependency_injector-4.48.3-cp310-abi3-win32.whl", hash = "sha256:2870a3b84ddb2e4b13731b7250b7714f0d4a07f6147a181b3ecbceed061b74f2", size = 1527160, upload-time = "2025-12-04T18:43:15.534Z" },
    { url = "https://files.pythonhosted.org/packages/ae/74/51e8d051d55ae3b88fb0d94356cc9998e070a8b0cf6c93ef8456b8d05c01/dependency_injector-4.48.3-cp310-abi3-win_amd64.whl", hash = "sha256:d0e6244b3674a48ee2c5b0af29bf20d2b0b5baef806dd1739af9aab9d20f08de", size = 1655409, upload-time = "2025-12-04T18:43:16.901Z" },
]

[[package]]
name = "iniconfig"
version = "2.3.0"
source = { registry = "https://pypi.org/simple" }
sdist = { url = "https://files.pythonhosted.org/packages/72/34/14ca021ce8e5dfedc35312d08ba8bf51fdd999c576889fc2c24cb97f4f10/iniconfig-2.3.0.tar.gz", hash = "sha256:c76315c77db068650d49c5b56314774a7804df16fee4402c1f19d6d15d8c4730", size = 20503, upload-time = "2025-10-18T21:55:43.219Z" }
wheels = [
    { url = "https://files.pythonhosted.org/packages/cb/b1/3846dd7f199d53cb17f49cba7e651e9ce294d8497c8c150530ed11865bb8/iniconfig-2.3.0-py3-none-any.whl", hash = "sha256:f631c04d2c48c52b84d0d0549c99ff3859c98df65b3101406327ecc7d53fbf12", size = 7484, upload-time = "2025-10-18T21:55:41.639Z" },
]

[[package]]
name = "marshmallow"
version = "3.26.2"
source = { registry = "https://pypi.org/simple" }
dependencies = [
    { name = "packaging" },
]
sdist = { url = "https://files.pythonhosted.org/packages/55/79/de6c16cc902f4fc372236926b0ce2ab7845268dcc30fb2fbb7f71b418631/marshmallow-3.26.2.tar.gz", hash = "sha256:bbe2adb5a03e6e3571b573f42527c6fe926e17467833660bebd11593ab8dfd57", size = 222095, upload-time = "2025-12-22T06:53:53.309Z" }
wheels = [
    { url = "https://files.pythonhosted.org/packages/be/2f/5108cb3ee4ba6501748c4908b908e55f42a5b66245b4cfe0c99326e1ef6e/marshmallow-3.26.2-py3-none-any.whl", hash = "sha256:013fa8a3c4c276c24d26d84ce934dc964e2aa794345a0f8c7e5a7191482c8a73", size = 50964, upload-time = "2025-12-22T06:53:51.801Z" },
]

[[package]]
name = "mypy-extensions"
version = "1.1.0"
source = { registry = "https://pypi.org/simple" }
sdist = { url = "https://files.pythonhosted.org/packages/a2/6e/371856a3fb9d31ca8dac321cda606860fa4548858c0cc45d9d1d4ca2628b/mypy_extensions-1.1.0.tar.gz", hash = "sha256:52e68efc3284861e772bbcd66823fde5ae21fd2fdb51c62a211403730b916558", size = 6343, upload-time = "2025-04-22T14:54:24.164Z" }
wheels = [
    { url = "https://files.pythonhosted.org/packages/79/7b/2c79738432f5c924bef5071f933bcc9efd0473bac3b4aa584a6f7c1c8df8/mypy_extensions-1.1.0-py3-none-any.whl", hash = "sha256:1be4cccdb0f2482337c4743e60421de3a356cd97508abadd57d47403e94f5505", size = 4963, upload-time = "2025-04-22T14:54:22.983Z" },
]

[[package]]
name = "numpy"
version = "2.4.2"
source = { registry = "https://pypi.org/simple" }
sdist = { url = "https://files.pythonhosted.org/packages/57/fd/0005efbd0af48e55eb3c7208af93f2862d4b1a56cd78e84309a2d959208d/numpy-2.4.2.tar.gz", hash = "sha256:659a6107e31a83c4e33f763942275fd278b21d095094044eb35569e86a21ddae", size = 20723651, upload-time = "2026-01-31T23:13:10.135Z" }
wheels = [
    { url = "https://files.pythonhosted.org/packages/51/6e/6f394c9c77668153e14d4da83bcc247beb5952f6ead7699a1a2992613bea/numpy-2.4.2-cp312-cp312-macosx_10_13_x86_64.whl", hash = "sha256:21982668592194c609de53ba4933a7471880ccbaadcc52352694a59ecc860b3a", size = 16667963, upload-time = "2026-01-31T23:10:52.147Z" },
    { url = "https://files.pythonhosted.org/packages/1f/f8/55483431f2b2fd015ae6ed4fe62288823ce908437ed49db5a03d15151678/numpy-2.4.2-cp312-cp312-macosx_11_0_arm64.whl", hash = "sha256:40397bda92382fcec844066efb11f13e1c9a3e2a8e8f318fb72ed8b6db9f60f1", size = 14693571, upload-time = "2026-01-31T23:10:54.789Z" },
    { url = "https://files.pythonhosted.org/packages/2f/20/18026832b1845cdc82248208dd929ca14c9d8f2bac391f67440707fff27c/numpy-2.4.2-cp312-cp312-macosx_14_0_arm64.whl", hash = "sha256:b3a24467af63c67829bfaa61eecf18d5432d4f11992688537be59ecd6ad32f5e", size = 5203469, upload-time = "2026-01-31T23:10:57.343Z" },
    { url = "https://files.pythonhosted.org/packages/7d/33/2eb97c8a77daaba34eaa3fa7241a14ac5f51c46a6bd5911361b644c4a1e2/numpy-2.4.2-cp312-cp312-macosx_14_0_x86_64.whl", hash = "sha256:805cc8de9fd6e7a22da5aed858e0ab16be5a4db6c873dde1d7451c541553aa27", size = 6550820, upload-time = "2026-01-31T23:10:59.429Z" },
    { url = "https://files.pythonhosted.org/packages/b1/91/b97fdfd12dc75b02c44e26c6638241cc004d4079a0321a69c62f51470c4c/numpy-2.4.2-cp312-cp312-manylinux_2_27_aarch64.manylinux_2_28_aarch64.whl", hash = "sha256:6d82351358ffbcdcd7b686b90742a9b86632d6c1c051016484fa0b326a0a1548", size = 15663067, upload-time = "2026-01-31T23:11:01.291Z" },
    { url = "https://files.pythonhosted.org/packages/f5/c6/a18e59f3f0b8071cc85cbc8d80cd02d68aa9710170b2553a117203d46936/numpy-2.4.2-cp312-cp312-manylinux_2_27_x86_64.manylinux_2_28_x86_64.whl", hash = "sha256:9e35d3e0144137d9fdae62912e869136164534d64a169f86438bc9561b6ad49f", size = 16619782, upload-time = "2026-01-31T23:11:03.669Z" },
    { url = "https://files.pythonhosted.org/packages/b7/83/9751502164601a79e18847309f5ceec0b1446d7b6aa12305759b72cf98b2/numpy-2.4.2-cp312-cp312-musllinux_1_2_aarch64.whl", hash = "sha256:adb6ed2ad29b9e15321d167d152ee909ec73395901b70936f029c3bc6d7f4460", size = 17013128, upload-time = "2026-01-31T23:11:05.913Z" },
    { url = "https://files.pythonhosted.org/packages/61/c4/c4066322256ec740acc1c8923a10047818691d2f8aec254798f3dd90f5f2/numpy-2.4.2-cp312-cp312-musllinux_1_2_x86_64.whl", hash = "sha256:8906e71fd8afcb76580404e2a950caef2685df3d2a57fe82a86ac8d33cc007ba", size = 18345324, upload-time = "2026-01-31T23:11:08.248Z" },
    { url = "https://files.pythonhosted.org/packages/ab/af/6157aa6da728fa4525a755bfad486ae7e3f76d4c1864138003eb84328497/numpy-2.4.2-cp312-cp312-win32.whl", hash = "sha256:ec055f6dae239a6299cace477b479cca2fc125c5675482daf1dd886933a1076f", size = 5960282, upload-time = "2026-01-31T23:11:10.497Z" },
    { url = "https://files.pythonhosted.org/packages/92/0f/7ceaaeaacb40567071e94dbf2c9480c0ae453d5bb4f52bea3892c39dc83c/numpy-2.4.2-cp312-cp312-win_amd64.whl", hash = "sha256:209fae046e62d0ce6435fcfe3b1a10537e858249b3d9b05829e2a05218296a85", size = 12314210, upload-time = "2026-01-31T23:11:12.176Z" },
    { url = "https://files.pythonhosted.org/packages/2f/a3/56c5c604fae6dd40fa2ed3040d005fca97e91bd320d232ac9931d77ba13c/numpy-2.4.2-cp312-cp312-win_arm64.whl", hash = "sha256:fbde1b0c6e81d56f5dccd95dd4a711d9b95df1ae4009a60887e56b27e8d903fa", size = 10220171, upload-time = "2026-01-31T23:11:14.684Z" },
    { url = "https://files.pythonhosted.org/packages/a1/22/815b9fe25d1d7ae7d492152adbc7226d3eff731dffc38fe970589fcaaa38/numpy-2.4.2-cp313-cp313-macosx_10_13_x86_64.whl", hash = "sha256:25f2059807faea4b077a2b6837391b5d830864b3543627f381821c646f31a63c", size = 16663696, upload-time = "2026-01-31T23:11:17.516Z" },
    { url = "https://files.pythonhosted.org/packages/09/f0/817d03a03f93ba9c6c8993de509277d84e69f9453601915e4a69554102a1/numpy-2.4.2-cp313-cp313-macosx_11_0_arm64.whl", hash = "sha256:bd3a7a9f5847d2fb8c2c6d1c862fa109c31a9abeca1a3c2bd5a64572955b2979", size = 14688322, upload-time = "2026-01-31T23:11:19.883Z" },
    { url = "https://files.pythonhosted.org/packages/da/b4/f805ab79293c728b9a99438775ce51885fd4f31b76178767cfc718701a39/numpy-2.4.2-cp313-cp313-macosx_14_0_arm64.whl", hash = "sha256:8e4549f8a3c6d13d55041925e912bfd834285ef1dd64d6bc7d542583355e2e98", size = 5198157, upload-time = "2026-01-31T23:11:22.375Z" },
    { url = "https://files.pythonhosted.org/packages/74/09/826e4289844eccdcd64aac27d13b0fd3f32039915dd5b9ba01baae1f436c/numpy-2.4.2-cp313-cp313-macosx_14_0_x86_64.whl", hash = "sha256:aea4f66ff44dfddf8c2cffd66ba6538c5ec67d389285292fe428cb2c738c8aef", size = 6546330, upload-time = "2026-01-31T23:11:23.958Z" },
    { url = "https://files.pythonhosted.org/packages/19/fb/cbfdbfa3057a10aea5422c558ac57538e6acc87ec1669e666d32ac198da7/numpy-2.4.2-cp313-cp313-manylinux_2_27_aarch64.manylinux_2_28_aarch64.whl", hash = "sha256:c3cd545784805de05aafe1dde61752ea49a359ccba9760c1e5d1c88a93bbf2b7", size = 15660968, upload-time = "2026-01-31T23:11:25.713Z" },
    { url = "https://files.pythonhosted.org/packages/04/dc/46066ce18d01645541f0186877377b9371b8fa8017fa8262002b4ef22612/numpy-2.4.2-cp313-cp313-manylinux_2_27_x86_64.manylinux_2_28_x86_64.whl", hash = "sha256:d0d9b7c93578baafcbc5f0b83eaf17b79d345c6f36917ba0c67f45226911d499", size = 16607311, upload-time = "2026-01-31T23:11:28.117Z" },
    { url = "https://files.pythonhosted.org/packages/14/d9/4b5adfc39a43fa6bf918c6d544bc60c05236cc2f6339847fc5b35e6cb5b0/numpy-2.4.2-cp313-cp313-musllinux_1_2_aarch64.whl", hash = "sha256:f74f0f7779cc7ae07d1810aab8ac6b1464c3eafb9e283a40da7309d5e6e48fbb", size = 17012850, upload-time = "2026-01-31T23:11:30.888Z" },
    { url = "https://files.pythonhosted.org/packages/b7/20/adb6e6adde6d0130046e6fdfb7675cc62bc2f6b7b02239a09eb58435753d/numpy-2.4.2-cp313-cp313-musllinux_1_2_x86_64.whl", hash = "sha256:c7ac672d699bf36275c035e16b65539931347d68b70667d28984c9fb34e07fa7", size = 18334210, upload-time = "2026-01-31T23:11:33.214Z" },
    { url = "https://files.pythonhosted.org/packages/78/0e/0a73b3dff26803a8c02baa76398015ea2a5434d9b8265a7898a6028c1591/numpy-2.4.2-cp313-cp313-win32.whl", hash = "sha256:8e9afaeb0beff068b4d9cd20d322ba0ee1cecfb0b08db145e4ab4dd44a6b5110", size = 5958199, upload-time = "2026-01-31T23:11:35.385Z" },
    { url = "https://files.pythonhosted.org/packages/43/bc/6352f343522fcb2c04dbaf94cb30cca6fd32c1a750c06ad6231b4293708c/numpy-2.4.2-cp313-cp313-win_amd64.whl", hash = "sha256:7df2de1e4fba69a51c06c28f5a3de36731eb9639feb8e1cf7e4a7b0daf4cf622", size = 12310848, upload-time = "2026-01-31T23:11:38.001Z" },
    { url = "https://files.pythonhosted.org/packages/6e/8d/6da186483e308da5da1cc6918ce913dcfe14ffde98e710bfeff2a6158d4e/numpy-2.4.2-cp313-cp313-win_arm64.whl", hash = "sha256:0fece1d1f0a89c16b03442eae5c56dc0be0c7883b5d388e0c03f53019a4bfd71", size = 10221082, upload-time = "2026-01-31T23:11:40.392Z" },
    { url = "https://files.pythonhosted.org/packages/25/a1/9510aa43555b44781968935c7548a8926274f815de42ad3997e9e83680dd/numpy-2.4.2-cp313-cp313t-macosx_11_0_arm64.whl", hash = "sha256:5633c0da313330fd20c484c78cdd3f9b175b55e1a766c4a174230c6b70ad8262", size = 14815866, upload-time = "2026-01-31T23:11:42.495Z" },
    { url = "https://files.pythonhosted.org/packages/36/30/6bbb5e76631a5ae46e7923dd16ca9d3f1c93cfa8d4ed79a129814a9d8db3/numpy-2.4.2-cp313-cp313t-macosx_14_0_arm64.whl", hash = "sha256:d9f64d786b3b1dd742c946c42d15b07497ed14af1a1f3ce840cce27daa0ce913", size = 5325631, upload-time = "2026-01-31T23:11:44.7Z" },
    { url = "https://files.pythonhosted.org/packages/46/00/3a490938800c1923b567b3a15cd17896e68052e2145d8662aaf3e1ffc58f/numpy-2.4.2-cp313-cp313t-macosx_14_0_x86_64.whl", hash = "sha256:b21041e8cb6a1eb5312dd1d2f80a94d91efffb7a06b70597d44f1bd2dfc315ab", size = 6646254, upload-time = "2026-01-31T23:11:46.341Z" },
    { url = "https://files.pythonhosted.org/packages/d3/e9/fac0890149898a9b609caa5af7455a948b544746e4b8fe7c212c8edd71f8/numpy-2.4.2-cp313-cp313t-manylinux_2_27_aarch64.manylinux_2_28_aarch64.whl", hash = "sha256:00ab83c56211a1d7c07c25e3217ea6695e50a3e2f255053686b081dc0b091a82", size = 15720138, upload-time = "2026-01-31T23:11:48.082Z" },
    { url = "https://files.pythonhosted.org/packages/ea/5c/08887c54e68e1e28df53709f1893ce92932cc6f01f7c3d4dc952f61ffd4e/numpy-2.4.2-cp313-cp313t-manylinux_2_27_x86_64.manylinux_2_28_x86_64.whl", hash = "sha256:2fb882da679409066b4603579619341c6d6898fc83a8995199d5249f986e8e8f", size = 16655398, upload-time = "2026-01-31T23:11:50.293Z" },
    { url = "https://files.pythonhosted.org/packages/4d/89/253db0fa0e66e9129c745e4ef25631dc37d5f1314dad2b53e907b8538e6d/numpy-2.4.2-cp313-cp313t-musllinux_1_2_aarch64.whl", hash = "sha256:66cb9422236317f9d44b67b4d18f44efe6e9c7f8794ac0462978513359461554", size = 17079064, upload-time = "2026-01-31T23:11:52.927Z" },
    { url = "https://files.pythonhosted.org/packages/2a/d5/cbade46ce97c59c6c3da525e8d95b7abe8a42974a1dc5c1d489c10433e88/numpy-2.4.2-cp313-cp313t-musllinux_1_2_x86_64.whl", hash = "sha256:0f01dcf33e73d80bd8dc0f20a71303abbafa26a19e23f6b68d1aa9990af90257", size = 18379680, upload-time = "2026-01-31T23:11:55.22Z" },
    { url = "https://files.pythonhosted.org/packages/40/62/48f99ae172a4b63d981babe683685030e8a3df4f246c893ea5c6ef99f018/numpy-2.4.2-cp313-cp313t-win32.whl", hash = "sha256:52b913ec40ff7ae845687b0b34d8d93b60cb66dcee06996dd5c99f2fc9328657", size = 6082433, upload-time = "2026-01-31T23:11:58.096Z" },
    { url = "https://files.pythonhosted.org/packages/07/38/e054a61cfe48ad9f1ed0d188e78b7e26859d0b60ef21cd9de4897cdb5326/numpy-2.4.2-cp313-cp313t-win_amd64.whl", hash = "sha256:5eea80d908b2c1f91486eb95b3fb6fab187e569ec9752ab7d9333d2e66bf2d6b", size = 12451181, upload-time = "2026-01-31T23:11:59.782Z" },
    { url = "https://files.pythonhosted.org/packages/6e/a4/a05c3a6418575e185dd84d0b9680b6bb2e2dc3e4202f036b7b4e22d6e9dc/numpy-2.4.2-cp313-cp313t-win_arm64.whl", hash = "sha256:fd49860271d52127d61197bb50b64f58454e9f578cb4b2c001a6de8b1f50b0b1", size = 10290756, upload-time = "2026-01-31T23:12:02.438Z" },
    { url = "https://files.pythonhosted.org/packages/18/88/b7df6050bf18fdcfb7046286c6535cabbdd2064a3440fca3f069d319c16e/numpy-2.4.2-cp314-cp314-macosx_10_15_x86_64.whl", hash = "sha256:444be170853f1f9d528428eceb55f12918e4fda5d8805480f36a002f1415e09b", size = 16663092, upload-time = "2026-01-31T23:12:04.521Z" },
    { url = "https://files.pythonhosted.org/packages/25/7a/1fee4329abc705a469a4afe6e69b1ef7e915117747886327104a8493a955/numpy-2.4.2-cp314-cp314-macosx_11_0_arm64.whl", hash = "sha256:d1240d50adff70c2a88217698ca844723068533f3f5c5fa6ee2e3220e3bdb000", size = 14698770, upload-time = "2026-01-31T23:12:06.96Z" },
    { url = "https://files.pythonhosted.org/packages/fb/0b/f9e49ba6c923678ad5bc38181c08ac5e53b7a5754dbca8e581aa1a56b1ff/numpy-2.4.2-cp314-cp314-macosx_14_0_arm64.whl", hash = "sha256:7cdde6de52fb6664b00b056341265441192d1291c130e99183ec0d4b110ff8b1", size = 5208562, upload-time = "2026-01-31T23:12:09.632Z" },
    { url = "https://files.pythonhosted.org/packages/7d/12/d7de8f6f53f9bb76997e5e4c069eda2051e3fe134e9181671c4391677bb2/numpy-2.4.2-cp314-cp314-macosx_14_0_x86_64.whl", hash = "sha256:cda077c2e5b780200b6b3e09d0b42205a3d1c68f30c6dceb90401c13bff8fe74", size = 6543710, upload-time = "2026-01-31T23:12:11.969Z" },
    { url = "https://files.pythonhosted.org/packages/09/63/c66418c2e0268a31a4cf8a8b512685748200f8e8e8ec6c507ce14e773529/numpy-2.4.2-cp314-cp314-manylinux_2_27_aarch64.manylinux_2_28_aarch64.whl", hash = "sha256:d30291931c915b2ab5717c2974bb95ee891a1cf22ebc16a8006bd59cd210d40a", size = 15677205, upload-time = "2026-01-31T23:12:14.33Z" },
    { url = "https://files.pythonhosted.org/packages/5d/6c/7f237821c9642fb2a04d2f1e88b4295677144ca93285fd76eff3bcba858d/numpy-2.4.2-cp314-cp314-manylinux_2_27_x86_64.manylinux_2_28_x86_64.whl", hash = "sha256:bba37bc29d4d85761deed3954a1bc62be7cf462b9510b51d367b769a8c8df325", size = 16611738, upload-time = "2026-01-31T23:12:16.525Z" },
    { url = "https://files.pythonhosted.org/packages/c2/a7/39c4cdda9f019b609b5c473899d87abff092fc908cfe4d1ecb2fcff453b0/numpy-2.4.2-cp314-cp314-musllinux_1_2_aarch64.whl", hash = "sha256:b2f0073ed0868db1dcd86e052d37279eef185b9c8db5bf61f30f46adac63c909", size = 17028888, upload-time = "2026-01-31T23:12:19.306Z" },
    { url = "https://files.pythonhosted.org/packages/da/b3/e84bb64bdfea967cc10950d71090ec2d84b49bc691df0025dddb7c26e8e3/numpy-2.4.2-cp314-cp314-musllinux_1_2_x86_64.whl", hash = "sha256:7f54844851cdb630ceb623dcec4db3240d1ac13d4990532446761baede94996a", size = 18339556, upload-time = "2026-01-31T23:12:21.816Z" },
    { url = "https://files.pythonhosted.org/packages/88/f5/954a291bc1192a27081706862ac62bb5920fbecfbaa302f64682aa90beed/numpy-2.4.2-cp314-cp314-win32.whl", hash = "sha256:12e26134a0331d8dbd9351620f037ec470b7c75929cb8a1537f6bfe411152a1a", size = 6006899, upload-time = "2026-01-31T23:12:24.14Z" },
    { url = "https://files.pythonhosted.org/packages/05/cb/eff72a91b2efdd1bc98b3b8759f6a1654aa87612fc86e3d87d6fe4f948c4/numpy-2.4.2-cp314-cp314-win_amd64.whl", hash = "sha256:068cdb2d0d644cdb45670810894f6a0600797a69c05f1ac478e8d31670b8ee75", size = 12443072, upload-time = "2026-01-31T23:12:26.33Z" },
    { url = "https://files.pythonhosted.org/packages/37/75/62726948db36a56428fce4ba80a115716dc4fad6a3a4352487f8bb950966/numpy-2.4.2-cp314-cp314-win_arm64.whl", hash = "sha256:6ed0be1ee58eef41231a5c943d7d1375f093142702d5723ca2eb07db9b934b05", size = 10494886, upload-time = "2026-01-31T23:12:28.488Z" },
    { url = "https://files.pythonhosted.org/packages/36/2f/ee93744f1e0661dc267e4b21940870cabfae187c092e1433b77b09b50ac4/numpy-2.4.2-cp314-cp314t-macosx_11_0_arm64.whl", hash = "sha256:98f16a80e917003a12c0580f97b5f875853ebc33e2eaa4bccfc8201ac6869308", size = 14818567, upload-time = "2026-01-31T23:12:30.709Z" },
    { url = "https://files.pythonhosted.org/packages/a7/24/6535212add7d76ff938d8bdc654f53f88d35cddedf807a599e180dcb8e66/numpy-2.4.2-cp314-cp314t-macosx_14_0_arm64.whl", hash = "sha256:20abd069b9cda45874498b245c8015b18ace6de8546bf50dfa8cea1696ed06ef", size = 5328372, upload-time = "2026-01-31T23:12:32.962Z" },
    { url = "https://files.pythonhosted.org/packages/5e/9d/c48f0a035725f925634bf6b8994253b43f2047f6778a54147d7e213bc5a7/numpy-2.4.2-cp314-cp314t-macosx_14_0_x86_64.whl", hash = "sha256:e98c97502435b53741540a5717a6749ac2ada901056c7db951d33e11c885cc7d", size = 6649306, upload-time = "2026-01-31T23:12:34.797Z" },
    { url = "https://files.pythonhosted.org/packages/81/05/7c73a9574cd4a53a25907bad38b59ac83919c0ddc8234ec157f344d57d9a/numpy-2.4.2-cp314-cp314t-manylinux_2_27_aarch64.manylinux_2_28_aarch64.whl", hash = "sha256:da6cad4e82cb893db4b69105c604d805e0c3ce11501a55b5e9f9083b47d2ffe8", size = 15722394, upload-time = "2026-01-31T23:12:36.565Z" },
    { url = "https://files.pythonhosted.org/packages/35/fa/4de10089f21fc7d18442c4a767ab156b25c2a6eaf187c0db6d9ecdaeb43f/numpy-2.4.2-cp314-cp314t-manylinux_2_27_x86_64.manylinux_2_28_x86_64.whl", hash = "sha256:9e4424677ce4b47fe73c8b5556d876571f7c6945d264201180db2dc34f676ab5", size = 16653343, upload-time = "2026-01-31T23:12:39.188Z" },
    { url = "https://files.pythonhosted.org/packages/b8/f9/d33e4ffc857f3763a57aa85650f2e82486832d7492280ac21ba9efda80da/numpy-2.4.2-cp314-cp314t-musllinux_1_2_aarch64.whl", hash = "sha256:2b8f157c8a6f20eb657e240f8985cc135598b2b46985c5bccbde7616dc9c6b1e", size = 17078045, upload-time = "2026-01-31T23:12:42.041Z" },
    { url = "https://files.pythonhosted.org/packages/c8/b8/54bdb43b6225badbea6389fa038c4ef868c44f5890f95dd530a218706da3/numpy-2.4.2-cp314-cp314t-musllinux_1_2_x86_64.whl", hash = "sha256:5daf6f3914a733336dab21a05cdec343144600e964d2fcdabaac0c0269874b2a", size = 18380024, upload-time = "2026-01-31T23:12:44.331Z" },
    { url = "https://files.pythonhosted.org/packages/a5/55/6e1a61ded7af8df04016d81b5b02daa59f2ea9252ee0397cb9f631efe9e5/numpy-2.4.2-cp314-cp314t-win32.whl", hash = "sha256:8c50dd1fc8826f5b26a5ee4d77ca55d88a895f4e4819c7ecc2a9f5905047a443", size = 6153937, upload-time = "2026-01-31T23:12:47.229Z" },
    { url = "https://files.pythonhosted.org/packages/45/aa/fa6118d1ed6d776b0983f3ceac9b1a5558e80df9365b1c3aa6d42bf9eee4/numpy-2.4.2-cp314-cp314t-win_amd64.whl", hash = "sha256:fcf92bee92742edd401ba41135185866f7026c502617f422eb432cfeca4fe236", size = 12631844, upload-time = "2026-01-31T23:12:48.997Z" },
    { url = "https://files.pythonhosted.org/packages/32/0a/2ec5deea6dcd158f254a7b372fb09cfba5719419c8d66343bab35237b3fb/numpy-2.4.2-cp314-cp314t-win_arm64.whl", hash = "sha256:1f92f53998a17265194018d1cc321b2e96e900ca52d54c7c77837b71b9465181", size = 10565379, upload-time = "2026-01-31T23:12:51.345Z" },
]

[[package]]
name = "ocean-runner"
version = "0.2.14"
source = { registry = "https://pypi.org/simple" }
dependencies = [
    { name = "oceanprotocol-job-details" },
    { name = "pytest" },
]
sdist = { url = "https://files.pythonhosted.org/packages/3e/03/2e41d023c1f22ec0bde09ae363869b53f0af5b1a55c124fb5ea59fa90d28/ocean_runner-0.2.14.tar.gz", hash = "sha256:f9a7549741dc615c00a19bbeb3cc0779078eae3cd88937cbe16eddabfe23b2a8", size = 5187, upload-time = "2025-10-10T12:04:40.522Z" }
wheels = [
    { url = "https://files.pythonhosted.org/packages/fd/f7/9c5196e3880bcc1aff82400545deac321ae814519d0e8e0624f1a96a60b8/ocean_runner-0.2.14-py3-none-any.whl", hash = "sha256:eb3f4cf54e36aaf6140e6863c244fe57e06da34e13af53895119346a7afca3c8", size = 6948, upload-time = "2025-10-10T12:04:39.39Z" },
]

[[package]]
name = "oceanprotocol-job-details"
version = "0.2.7"
source = { registry = "https://pypi.org/simple" }
dependencies = [
    { name = "dataclasses-json" },
    { name = "dependency-injector" },
    { name = "orjson" },
]
sdist = { url = "https://files.pythonhosted.org/packages/11/fa/0035d19f6c5547cd8a0b281b12a1524725d40d7e2787e54c9e496c937401/oceanprotocol_job_details-0.2.7.tar.gz", hash = "sha256:1e490532f89c30045fc29ff42e8d5a8d09ba92a8d319a90359c6826aab2f8240", size = 6270, upload-time = "2025-10-10T08:08:02.874Z" }
wheels = [
    { url = "https://files.pythonhosted.org/packages/63/66/8704a600b7f3153b913bafd8cc67697f320925dfe7be2cca3d61b0d17875/oceanprotocol_job_details-0.2.7-py3-none-any.whl", hash = "sha256:1b97b82a754da7e90e251c4a3118a4d5059fd017b0c1e49fd4dc1be64a4a2f43", size = 10191, upload-time = "2025-10-10T08:08:01.606Z" },
]

[[package]]
name = "orjson"
version = "3.11.7"
source = { registry = "https://pypi.org/simple" }
sdist = { url = "https://files.pythonhosted.org/packages/53/45/b268004f745ede84e5798b48ee12b05129d19235d0e15267aa57dcdb400b/orjson-3.11.7.tar.gz", hash = "sha256:9b1a67243945819ce55d24a30b59d6a168e86220452d2c96f4d1f093e71c0c49", size = 6144992, upload-time = "2026-02-02T15:38:49.29Z" }
wheels = [
    { url = "https://files.pythonhosted.org/packages/80/bf/76f4f1665f6983385938f0e2a5d7efa12a58171b8456c252f3bae8a4cf75/orjson-3.11.7-cp312-cp312-macosx_10_15_x86_64.macosx_11_0_arm64.macosx_10_15_universal2.whl", hash = "sha256:bd03ea7606833655048dab1a00734a2875e3e86c276e1d772b2a02556f0d895f", size = 228545, upload-time = "2026-02-02T15:37:46.376Z" },
    { url = "https://files.pythonhosted.org/packages/79/53/6c72c002cb13b5a978a068add59b25a8bdf2800ac1c9c8ecdb26d6d97064/orjson-3.11.7-cp312-cp312-macosx_15_0_arm64.whl", hash = "sha256:89e440ebc74ce8ab5c7bc4ce6757b4a6b1041becb127df818f6997b5c71aa60b", size = 125224, upload-time = "2026-02-02T15:37:47.697Z" },
    { url = "https://files.pythonhosted.org/packages/2c/83/10e48852865e5dd151bdfe652c06f7da484578ed02c5fca938e3632cb0b8/orjson-3.11.7-cp312-cp312-manylinux_2_17_aarch64.manylinux2014_aarch64.whl", hash = "sha256:5ede977b5fe5ac91b1dffc0a517ca4542d2ec8a6a4ff7b2652d94f640796342a", size = 128154, upload-time = "2026-02-02T15:37:48.954Z" },
    { url = "https://files.pythonhosted.org/packages/6e/52/a66e22a2b9abaa374b4a081d410edab6d1e30024707b87eab7c734afe28d/orjson-3.11.7-cp312-cp312-manylinux_2_17_armv7l.manylinux2014_armv7l.whl", hash = "sha256:b7b1dae39230a393df353827c855a5f176271c23434cfd2db74e0e424e693e10", size = 123548, upload-time = "2026-02-02T15:37:50.187Z" },
    { url = "https://files.pythonhosted.org/packages/de/38/605d371417021359f4910c496f764c48ceb8997605f8c25bf1dfe58c0ebe/orjson-3.11.7-cp312-cp312-manylinux_2_17_i686.manylinux2014_i686.whl", hash = "sha256:ed46f17096e28fb28d2975834836a639af7278aa87c84f68ab08fbe5b8bd75fa", size = 129000, upload-time = "2026-02-02T15:37:51.426Z" },
    { url = "https://files.pythonhosted.org/packages/44/98/af32e842b0ffd2335c89714d48ca4e3917b42f5d6ee5537832e069a4b3ac/orjson-3.11.7-cp312-cp312-manylinux_2_17_ppc64le.manylinux2014_ppc64le.whl", hash = "sha256:3726be79e36e526e3d9c1aceaadbfb4a04ee80a72ab47b3f3c17fefb9812e7b8", size = 141686, upload-time = "2026-02-02T15:37:52.607Z" },
    { url = "https://files.pythonhosted.org/packages/96/0b/fc793858dfa54be6feee940c1463370ece34b3c39c1ca0aa3845f5ba9892/orjson-3.11.7-cp312-cp312-manylinux_2_17_s390x.manylinux2014_s390x.whl", hash = "sha256:0724e265bc548af1dedebd9cb3d24b4e1c1e685a343be43e87ba922a5c5fff2f", size = 130812, upload-time = "2026-02-02T15:37:53.944Z" },
    { url = "https://files.pythonhosted.org/packages/dc/91/98a52415059db3f374757d0b7f0f16e3b5cd5976c90d1c2b56acaea039e6/orjson-3.11.7-cp312-cp312-manylinux_2_17_x86_64.manylinux2014_x86_64.whl", hash = "sha256:e7745312efa9e11c17fbd3cb3097262d079da26930ae9ae7ba28fb738367cbad", size = 133440, upload-time = "2026-02-02T15:37:55.615Z" },
    { url = "https://files.pythonhosted.org/packages/dc/b6/cb540117bda61791f46381f8c26c8f93e802892830a6055748d3bb1925ab/orjson-3.11.7-cp312-cp312-musllinux_1_2_aarch64.whl", hash = "sha256:f904c24bdeabd4298f7a977ef14ca2a022ca921ed670b92ecd16ab6f3d01f867", size = 138386, upload-time = "2026-02-02T15:37:56.814Z" },
    { url = "https://files.pythonhosted.org/packages/63/1a/50a3201c334a7f17c231eee5f841342190723794e3b06293f26e7cf87d31/orjson-3.11.7-cp312-cp312-musllinux_1_2_armv7l.whl", hash = "sha256:b9fc4d0f81f394689e0814617aadc4f2ea0e8025f38c226cbf22d3b5ddbf025d", size = 408853, upload-time = "2026-02-02T15:37:58.291Z" },
    { url = "https://files.pythonhosted.org/packages/87/cd/8de1c67d0be44fdc22701e5989c0d015a2adf391498ad42c4dc589cd3013/orjson-3.11.7-cp312-cp312-musllinux_1_2_i686.whl", hash = "sha256:849e38203e5be40b776ed2718e587faf204d184fc9a008ae441f9442320c0cab", size = 144130, upload-time = "2026-02-02T15:38:00.163Z" },
    { url = "https://files.pythonhosted.org/packages/0f/fe/d605d700c35dd55f51710d159fc54516a280923cd1b7e47508982fbb387d/orjson-3.11.7-cp312-cp312-musllinux_1_2_x86_64.whl", hash = "sha256:4682d1db3bcebd2b64757e0ddf9e87ae5f00d29d16c5cdf3a62f561d08cc3dd2", size = 134818, upload-time = "2026-02-02T15:38:01.507Z" },
    { url = "https://files.pythonhosted.org/packages/e4/e4/15ecc67edb3ddb3e2f46ae04475f2d294e8b60c1825fbe28a428b93b3fbd/orjson-3.11.7-cp312-cp312-win32.whl", hash = "sha256:f4f7c956b5215d949a1f65334cf9d7612dde38f20a95f2315deef167def91a6f", size = 127923, upload-time = "2026-02-02T15:38:02.75Z" },
    { url = "https://files.pythonhosted.org/packages/34/70/2e0855361f76198a3965273048c8e50a9695d88cd75811a5b46444895845/orjson-3.11.7-cp312-cp312-win_amd64.whl", hash = "sha256:bf742e149121dc5648ba0a08ea0871e87b660467ef168a3a5e53bc1fbd64bb74", size = 125007, upload-time = "2026-02-02T15:38:04.032Z" },
    { url = "https://files.pythonhosted.org/packages/68/40/c2051bd19fc467610fed469dc29e43ac65891571138f476834ca192bc290/orjson-3.11.7-cp312-cp312-win_arm64.whl", hash = "sha256:26c3b9132f783b7d7903bf1efb095fed8d4a3a85ec0d334ee8beff3d7a4749d5", size = 126089, upload-time = "2026-02-02T15:38:05.297Z" },
    { url = "https://files.pythonhosted.org/packages/89/25/6e0e52cac5aab51d7b6dcd257e855e1dec1c2060f6b28566c509b4665f62/orjson-3.11.7-cp313-cp313-macosx_10_15_x86_64.macosx_11_0_arm64.macosx_10_15_universal2.whl", hash = "sha256:1d98b30cc1313d52d4af17d9c3d307b08389752ec5f2e5febdfada70b0f8c733", size = 228390, upload-time = "2026-02-02T15:38:06.8Z" },
    { url = "https://files.pythonhosted.org/packages/a5/29/a77f48d2fc8a05bbc529e5ff481fb43d914f9e383ea2469d4f3d51df3d00/orjson-3.11.7-cp313-cp313-macosx_15_0_arm64.whl", hash = "sha256:d897e81f8d0cbd2abb82226d1860ad2e1ab3ff16d7b08c96ca00df9d45409ef4", size = 125189, upload-time = "2026-02-02T15:38:08.181Z" },
    { url = "https://files.pythonhosted.org/packages/89/25/0a16e0729a0e6a1504f9d1a13cdd365f030068aab64cec6958396b9969d7/orjson-3.11.7-cp313-cp313-manylinux_2_17_aarch64.manylinux2014_aarch64.whl", hash = "sha256:814be4b49b228cfc0b3c565acf642dd7d13538f966e3ccde61f4f55be3e20785", size = 128106, upload-time = "2026-02-02T15:38:09.41Z" },
    { url = "https://files.pythonhosted.org/packages/66/da/a2e505469d60666a05ab373f1a6322eb671cb2ba3a0ccfc7d4bc97196787/orjson-3.11.7-cp313-cp313-manylinux_2_17_armv7l.manylinux2014_armv7l.whl", hash = "sha256:d06e5c5fed5caedd2e540d62e5b1c25e8c82431b9e577c33537e5fa4aa909539", size = 123363, upload-time = "2026-02-02T15:38:10.73Z" },
    { url = "https://files.pythonhosted.org/packages/23/bf/ed73f88396ea35c71b38961734ea4a4746f7ca0768bf28fd551d37e48dd0/orjson-3.11.7-cp313-cp313-manylinux_2_17_i686.manylinux2014_i686.whl", hash = "sha256:31c80ce534ac4ea3739c5ee751270646cbc46e45aea7576a38ffec040b4029a1", size = 129007, upload-time = "2026-02-02T15:38:12.138Z" },
    { url = "https://files.pythonhosted.org/packages/73/3c/b05d80716f0225fc9008fbf8ab22841dcc268a626aa550561743714ce3bf/orjson-3.11.7-cp313-cp313-manylinux_2_17_ppc64le.manylinux2014_ppc64le.whl", hash = "sha256:f50979824bde13d32b4320eedd513431c921102796d86be3eee0b58e58a3ecd1", size = 141667, upload-time = "2026-02-02T15:38:13.398Z" },
    { url = "https://files.pythonhosted.org/packages/61/e8/0be9b0addd9bf86abfc938e97441dcd0375d494594b1c8ad10fe57479617/orjson-3.11.7-cp313-cp313-manylinux_2_17_s390x.manylinux2014_s390x.whl", hash = "sha256:9e54f3808e2b6b945078c41aa8d9b5834b28c50843846e97807e5adb75fa9705", size = 130832, upload-time = "2026-02-02T15:38:14.698Z" },
    { url = "https://files.pythonhosted.org/packages/c9/ec/c68e3b9021a31d9ec15a94931db1410136af862955854ed5dd7e7e4f5bff/orjson-3.11.7-cp313-cp313-manylinux_2_17_x86_64.manylinux2014_x86_64.whl", hash = "sha256:a12b80df61aab7b98b490fe9e4879925ba666fccdfcd175252ce4d9035865ace", size = 133373, upload-time = "2026-02-02T15:38:16.109Z" },
    { url = "https://files.pythonhosted.org/packages/d2/45/f3466739aaafa570cc8e77c6dbb853c48bf56e3b43738020e2661e08b0ac/orjson-3.11.7-cp313-cp313-musllinux_1_2_aarch64.whl", hash = "sha256:996b65230271f1a97026fd0e6a753f51fbc0c335d2ad0c6201f711b0da32693b", size = 138307, upload-time = "2026-02-02T15:38:17.453Z" },
    { url = "https://files.pythonhosted.org/packages/e1/84/9f7f02288da1ffb31405c1be07657afd1eecbcb4b64ee2817b6fe0f785fa/orjson-3.11.7-cp313-cp313-musllinux_1_2_armv7l.whl", hash = "sha256:ab49d4b2a6a1d415ddb9f37a21e02e0d5dbfe10b7870b21bf779fc21e9156157", size = 408695, upload-time = "2026-02-02T15:38:18.831Z" },
    { url = "https://files.pythonhosted.org/packages/18/07/9dd2f0c0104f1a0295ffbe912bc8d63307a539b900dd9e2c48ef7810d971/orjson-3.11.7-cp313-cp313-musllinux_1_2_i686.whl", hash = "sha256:390a1dce0c055ddf8adb6aa94a73b45a4a7d7177b5c584b8d1c1947f2ba60fb3", size = 144099, upload-time = "2026-02-02T15:38:20.28Z" },
    { url = "https://files.pythonhosted.org/packages/a5/66/857a8e4a3292e1f7b1b202883bcdeb43a91566cf59a93f97c53b44bd6801/orjson-3.11.7-cp313-cp313-musllinux_1_2_x86_64.whl", hash = "sha256:1eb80451a9c351a71dfaf5b7ccc13ad065405217726b59fdbeadbcc544f9d223", size = 134806, upload-time = "2026-02-02T15:38:22.186Z" },
    { url = "https://files.pythonhosted.org/packages/0a/5b/6ebcf3defc1aab3a338ca777214966851e92efb1f30dc7fc8285216e6d1b/orjson-3.11.7-cp313-cp313-win32.whl", hash = "sha256:7477aa6a6ec6139c5cb1cc7b214643592169a5494d200397c7fc95d740d5fcf3", size = 127914, upload-time = "2026-02-02T15:38:23.511Z" },
    { url = "https://files.pythonhosted.org/packages/00/04/c6f72daca5092e3117840a1b1e88dfc809cc1470cf0734890d0366b684a1/orjson-3.11.7-cp313-cp313-win_amd64.whl", hash = "sha256:b9f95dcdea9d4f805daa9ddf02617a89e484c6985fa03055459f90e87d7a0757", size = 124986, upload-time = "2026-02-02T15:38:24.836Z" },
    { url = "https://files.pythonhosted.org/packages/03/ba/077a0f6f1085d6b806937246860fafbd5b17f3919c70ee3f3d8d9c713f38/orjson-3.11.7-cp313-cp313-win_arm64.whl", hash = "sha256:800988273a014a0541483dc81021247d7eacb0c845a9d1a34a422bc718f41539", size = 126045, upload-time = "2026-02-02T15:38:26.216Z" },
    { url = "https://files.pythonhosted.org/packages/e9/1e/745565dca749813db9a093c5ebc4bac1a9475c64d54b95654336ac3ed961/orjson-3.11.7-cp314-cp314-macosx_10_15_x86_64.macosx_11_0_arm64.macosx_10_15_universal2.whl", hash = "sha256:de0a37f21d0d364954ad5de1970491d7fbd0fb1ef7417d4d56a36dc01ba0c0a0", size = 228391, upload-time = "2026-02-02T15:38:27.757Z" },
    { url = "https://files.pythonhosted.org/packages/46/19/e40f6225da4d3aa0c8dc6e5219c5e87c2063a560fe0d72a88deb59776794/orjson-3.11.7-cp314-cp314-macosx_15_0_arm64.whl", hash = "sha256:c2428d358d85e8da9d37cba18b8c4047c55222007a84f97156a5b22028dfbfc0", size = 125188, upload-time = "2026-02-02T15:38:29.241Z" },
    { url = "https://files.pythonhosted.org/packages/9d/7e/c4de2babef2c0817fd1f048fd176aa48c37bec8aef53d2fa932983032cce/orjson-3.11.7-cp314-cp314-manylinux_2_17_aarch64.manylinux2014_aarch64.whl", hash = "sha256:3c4bc6c6ac52cdaa267552544c73e486fecbd710b7ac09bc024d5a78555a22f6", size = 128097, upload-time = "2026-02-02T15:38:30.618Z" },
    { url = "https://files.pythonhosted.org/packages/eb/74/233d360632bafd2197f217eee7fb9c9d0229eac0c18128aee5b35b0014fe/orjson-3.11.7-cp314-cp314-manylinux_2_17_armv7l.manylinux2014_armv7l.whl", hash = "sha256:bd0d68edd7dfca1b2eca9361a44ac9f24b078de3481003159929a0573f21a6bf", size = 123364, upload-time = "2026-02-02T15:38:32.363Z" },
    { url = "https://files.pythonhosted.org/packages/79/51/af79504981dd31efe20a9e360eb49c15f06df2b40e7f25a0a52d9ae888e8/orjson-3.11.7-cp314-cp314-manylinux_2_17_i686.manylinux2014_i686.whl", hash = "sha256:623ad1b9548ef63886319c16fa317848e465a21513b31a6ad7b57443c3e0dcf5", size = 129076, upload-time = "2026-02-02T15:38:33.68Z" },
    { url = "https://files.pythonhosted.org/packages/67/e2/da898eb68b72304f8de05ca6715870d09d603ee98d30a27e8a9629abc64b/orjson-3.11.7-cp314-cp314-manylinux_2_17_ppc64le.manylinux2014_ppc64le.whl", hash = "sha256:6e776b998ac37c0396093d10290e60283f59cfe0fc3fccbd0ccc4bd04dd19892", size = 141705, upload-time = "2026-02-02T15:38:34.989Z" },
    { url = "https://files.pythonhosted.org/packages/c5/89/15364d92acb3d903b029e28d834edb8780c2b97404cbf7929aa6b9abdb24/orjson-3.11.7-cp314-cp314-manylinux_2_17_s390x.manylinux2014_s390x.whl", hash = "sha256:652c6c3af76716f4a9c290371ba2e390ede06f6603edb277b481daf37f6f464e", size = 130855, upload-time = "2026-02-02T15:38:36.379Z" },
    { url = "https://files.pythonhosted.org/packages/c2/8b/ecdad52d0b38d4b8f514be603e69ccd5eacf4e7241f972e37e79792212ec/orjson-3.11.7-cp314-cp314-manylinux_2_17_x86_64.manylinux2014_x86_64.whl", hash = "sha256:a56df3239294ea5964adf074c54bcc4f0ccd21636049a2cf3ca9cf03b5d03cf1", size = 133386, upload-time = "2026-02-02T15:38:37.704Z" },
    { url = "https://files.pythonhosted.org/packages/b9/0e/45e1dcf10e17d0924b7c9162f87ec7b4ca79e28a0548acf6a71788d3e108/orjson-3.11.7-cp314-cp314-musllinux_1_2_aarch64.whl", hash = "sha256:bda117c4148e81f746655d5a3239ae9bd00cb7bc3ca178b5fc5a5997e9744183", size = 138295, upload-time = "2026-02-02T15:38:39.096Z" },
    { url = "https://files.pythonhosted.org/packages/63/d7/4d2e8b03561257af0450f2845b91fbd111d7e526ccdf737267108075e0ba/orjson-3.11.7-cp314-cp314-musllinux_1_2_armv7l.whl", hash = "sha256:23d6c20517a97a9daf1d48b580fcdc6f0516c6f4b5038823426033690b4d2650", size = 408720, upload-time = "2026-02-02T15:38:40.634Z" },
    { url = "https://files.pythonhosted.org/packages/78/cf/d45343518282108b29c12a65892445fc51f9319dc3c552ceb51bb5905ed2/orjson-3.11.7-cp314-cp314-musllinux_1_2_i686.whl", hash = "sha256:8ff206156006da5b847c9304b6308a01e8cdbc8cce824e2779a5ba71c3def141", size = 144152, upload-time = "2026-02-02T15:38:42.262Z" },
    { url = "https://files.pythonhosted.org/packages/a9/3a/d6001f51a7275aacd342e77b735c71fa04125a3f93c36fee4526bc8c654e/orjson-3.11.7-cp314-cp314-musllinux_1_2_x86_64.whl", hash = "sha256:962d046ee1765f74a1da723f4b33e3b228fe3a48bd307acce5021dfefe0e29b2", size = 134814, upload-time = "2026-02-02T15:38:43.627Z" },
    { url = "https://files.pythonhosted.org/packages/1d/d3/f19b47ce16820cc2c480f7f1723e17f6d411b3a295c60c8ad3aa9ff1c96a/orjson-3.11.7-cp314-cp314-win32.whl", hash = "sha256:89e13dd3f89f1c38a9c9eba5fbf7cdc2d1feca82f5f290864b4b7a6aac704576", size = 127997, upload-time = "2026-02-02T15:38:45.06Z" },
    { url = "https://files.pythonhosted.org/packages/12/df/172771902943af54bf661a8d102bdf2e7f932127968080632bda6054b62c/orjson-3.11.7-cp314-cp314-win_amd64.whl", hash = "sha256:845c3e0d8ded9c9271cd79596b9b552448b885b97110f628fb687aee2eed11c1", size = 124985, upload-time = "2026-02-02T15:38:46.388Z" },
    { url = "https://files.pythonhosted.org/packages/6f/1c/f2a8d8a1b17514660a614ce5f7aac74b934e69f5abc2700cc7ced882a009/orjson-3.11.7-cp314-cp314-win_arm64.whl", hash = "sha256:4a2e9c5be347b937a2e0203866f12bba36082e89b402ddb9e927d5822e43088d", size = 126038, upload-time = "2026-02-02T15:38:47.703Z" },
]

[[package]]
name = "packaging"
version = "26.0"
source = { registry = "https://pypi.org/simple" }
sdist = { url = "https://files.pythonhosted.org/packages/65/ee/299d360cdc32edc7d2cf530f3accf79c4fca01e96ffc950d8a52213bd8e4/packaging-26.0.tar.gz", hash = "sha256:00243ae351a257117b6a241061796684b084ed1c516a08c48a3f7e147a9d80b4", size = 143416, upload-time = "2026-01-21T20:50:39.064Z" }
wheels = [
    { url = "https://files.pythonhosted.org/packages/b7/b9/c538f279a4e237a006a2c98387d081e9eb060d203d8ed34467cc0f0b9b53/packaging-26.0-py3-none-any.whl", hash = "sha256:b36f1fef9334a5588b4166f8bcd26a14e521f2b55e6b9de3aaa80d3ff7a37529", size = 74366, upload-time = "2026-01-21T20:50:37.788Z" },
]

[[package]]
name = "pluggy"
version = "1.6.0"
source = { registry = "https://pypi.org/simple" }
sdist = { url = "https://files.pythonhosted.org/packages/f9/e2/3e91f31a7d2b083fe6ef3fa267035b518369d9511ffab804f839851d2779/pluggy-1.6.0.tar.gz", hash = "sha256:7dcc130b76258d33b90f61b658791dede3486c3e6bfb003ee5c9bfb396dd22f3", size = 69412, upload-time = "2025-05-15T12:30:07.975Z" }
wheels = [
    { url = "https://files.pythonhosted.org/packages/54/20/4d324d65cc6d9205fabedc306948156824eb9f0ee1633355a8f7ec5c66bf/pluggy-1.6.0-py3-none-any.whl", hash = "sha256:e920276dd6813095e9377c0bc5566d94c932c33b27a3e3945d8389c374dd4746", size = 20538, upload-time = "2025-05-15T12:30:06.134Z" },
]

[[package]]
name = "pygments"
version = "2.19.2"
source = { registry = "https://pypi.org/simple" }
sdist = { url = "https://files.pythonhosted.org/packages/b0/77/a5b8c569bf593b0140bde72ea885a803b82086995367bf2037de0159d924/pygments-2.19.2.tar.gz", hash = "sha256:636cb2477cec7f8952536970bc533bc43743542f70392ae026374600add5b887", size = 4968631, upload-time = "2025-06-21T13:39:12.283Z" }
wheels = [
    { url = "https://files.pythonhosted.org/packages/c7/21/705964c7812476f378728bdf590ca4b771ec72385c533964653c68e86bdc/pygments-2.19.2-py3-none-any.whl", hash = "sha256:86540386c03d588bb81d44bc3928634ff26449851e99741617ecb9037ee5ec0b", size = 1225217, upload-time = "2025-06-21T13:39:07.939Z" },
]

[[package]]
name = "pytest"
version = "9.0.2"
source = { registry = "https://pypi.org/simple" }
dependencies = [
    { name = "colorama", marker = "sys_platform == 'win32'" },
    { name = "iniconfig" },
    { name = "packaging" },
    { name = "pluggy" },
    { name = "pygments" },
]
sdist = { url = "https://files.pythonhosted.org/packages/d1/db/7ef3487e0fb0049ddb5ce41d3a49c235bf9ad299b6a25d5780a89f19230f/pytest-9.0.2.tar.gz", hash = "sha256:75186651a92bd89611d1d9fc20f0b4345fd827c41ccd5c299a868a05d70edf11", size = 1568901, upload-time = "2025-12-06T21:30:51.014Z" }
wheels = [
    { url = "https://files.pythonhosted.org/packages/3b/ab/b3226f0bd7cdcf710fbede2b3548584366da3b19b5021e74f5bde2a8fa3f/pytest-9.0.2-py3-none-any.whl", hash = "sha256:711ffd45bf766d5264d487b917733b453d917afd2b0ad65223959f59089f875b", size = 374801, upload-time = "2025-12-06T21:30:49.154Z" },
]

[[package]]
name = "typing-extensions"
version = "4.15.0"
source = { registry = "https://pypi.org/simple" }
sdist = { url = "https://files.pythonhosted.org/packages/72/94/1a15dd82efb362ac84269196e94cf00f187f7ed21c242792a923cdb1c61f/typing_extensions-4.15.0.tar.gz", hash = "sha256:0cea48d173cc12fa28ecabc3b837ea3cf6f38c6d1136f85cbaaf598984861466", size = 109391, upload-time = "2025-08-25T13:49:26.313Z" }
wheels = [
    { url = "https://files.pythonhosted.org/packages/18/67/36e9267722cc04a6b9f15c7f3441c2363321a3ea07da7ae0c0707beb2a9c/typing_extensions-4.15.0-py3-none-any.whl", hash = "sha256:f0fa19c6845758ab08074a0cfa8b7aecb71c999ca73d62883bc25cc018c4e548", size = 44614, upload-time = "2025-08-25T13:49:24.86Z" },
]

[[package]]
name = "typing-inspect"
version = "0.9.0"
source = { registry = "https://pypi.org/simple" }
dependencies = [
    { name = "mypy-extensions" },
    { name = "typing-extensions" },
]
sdist = { url = "https://files.pythonhosted.org/packages/dc/74/1789779d91f1961fa9438e9a8710cdae6bd138c80d7303996933d117264a/typing_inspect-0.9.0.tar.gz", hash = "sha256:b23fc42ff6f6ef6954e4852c1fb512cdd18dbea03134f91f856a95ccc9461f78", size = 13825, upload-time = "2023-05-24T20:25:47.612Z" }
wheels = [
    { url = "https://files.pythonhosted.org/packages/65/f3/107a22063bf27bdccf2024833d3445f4eea42b2e598abfbd46f6a63b6cb0/typing_inspect-0.9.0-py3-none-any.whl", hash = "sha256:9ee6fc59062311ef8547596ab6b955e1b8aa46242d854bfc78f4f6b0eff35f9f", size = 8827, upload-time = "2023-05-24T20:25:45.287Z" },
]
